
Microsoft Visual Studio Solution File, Format Version 12.00
# Visual Studio 15
VisualStudioVersion = 15.0.28307.572
MinimumVisualStudioVersion = 10.0.40219.1
Project("{FAE04EC0-301F-11D3-BF4B-00C04F79EFBC}") = "DateRangeApp", "DateRangeApp\DateRangeApp.csproj", "{7C9C022D-FA73-44DD-90F4-63F121D5639C}"
EndProject
Project("{FAE04EC0-301F-11D3-BF4B-00C04F79EFBC}") = "DateRangeAppTests", "DateRangeAppTests\DateRangeAppTests.csproj", "{0CDACCDE-9494-41CB-990A-79F3F42EDB20}"
EndProject
Global
	GlobalSection(SolutionConfigurationPlatforms) = preSolution
		Debug|Any CPU = Debug|Any CPU
		Release|Any CPU = Release|Any CPU
	EndGlobalSection
	GlobalSection(ProjectConfigurationPlatforms) = postSolution
		{7C9C022D-FA73-44DD-90F4-63F121D5639C}.Debug|Any CPU.ActiveCfg = Debug|Any CPU
		{7C9C022D-FA73-44DD-90F4-63F121D5639C}.Debug|Any CPU.Build.0 = Debug|Any CPU
		{7C9C022D-FA73-44DD-90F4-63F121D5639C}.Release|Any CPU.ActiveCfg = Release|Any CPU
		{7C9C022D-FA73-44DD-90F4-63F121D5639C}.Release|Any CPU.Build.0 = Release|Any CPU
		{0CDACCDE-9494-41CB-990A-79F3F42EDB20}.Debug|Any CPU.ActiveCfg = Debug|Any CPU
		{0CDACCDE-9494-41CB-990A-79F3F42EDB20}.Debug|Any CPU.Build.0 = Debug|Any CPU
		{0CDACCDE-9494-41CB-990A-79F3F42EDB20}.Release|Any CPU.ActiveCfg = Release|Any CPU
		{0CDACCDE-9494-41CB-990A-79F3F42EDB20}.Release|Any CPU.Build.0 = Release|Any CPU
	EndGlobalSection
	GlobalSection(SolutionProperties) = preSolution
		HideSolutionNode = FALSE
	EndGlobalSection
	GlobalSection(ExtensibilityGlobals) = postSolution
		SolutionGuid = {3B948F26-38C0-4102-ADAD-71448D90BC95}
	EndGlobalSection
EndGlobal
